{
  "version": 4,
  "terraform_version": "1.6.3",
  "serial": 3,
  "lineage": "13cd8bcc-90f1-8f1d-1bdf-89b2aae13195",
  "outputs": {},
  "resources": [
    {
      "mode": "managed",
      "type": "postgresql_database",
      "name": "copilot_survey_engine_data",
      "provider": "provider[\"registry.terraform.io/cyrilgdn/postgresql\"]",
      "instances": [
        {
          "schema_version": 0,
          "attributes": {
            "allow_connections": true,
            "connection_limit": -1,
            "encoding": "UTF8",
            "id": "copilot-survey-engine-data",
            "is_template": false,
            "lc_collate": "en_US.utf8",
            "lc_ctype": "en_US.utf8",
            "name": "copilot-survey-engine-data",
            "owner": "postgres",
            "tablespace_name": "pg_default",
            "template": "template0"
          },
          "sensitive_attributes": [],
          "private": "bnVsbA=="
        }
      ]
    }
  ],
  "check_results": null
}
